# This file is generated by running "yarn install" inside your project.
# Manual changes might be lost - proceed with caution!

__metadata:
  version: 8
  cacheKey: 10c0

"@emnapi/core@npm:^1.5.0":
  version: 1.6.0
  resolution: "@emnapi/core@npm:1.6.0"
  dependencies:
    "@emnapi/wasi-threads": "npm:1.1.0"
    tslib: "npm:^2.4.0"
  checksum: 10c0/40e384f39104a9f8260e671c0110f8618961afc564afb2e626af79175717a8b5e2d8b2ae3d30194d318a71247e0fc833601666233adfeb244c46cadc06c58a51
  languageName: node
  linkType: hard

"@emnapi/runtime@npm:^1.5.0":
  version: 1.6.0
  resolution: "@emnapi/runtime@npm:1.6.0"
  dependencies:
    tslib: "npm:^2.4.0"
  checksum: 10c0/e3d2452a8fb83bb59fe60dfcf4cff99f9680c13c07dff8ad28639ccc8790151841ef626a67014bde132939bad73dfacc440ade8c3db2ab12693ea9c8ba4d37fb
  languageName: node
  linkType: hard

"@emnapi/wasi-threads@npm:1.1.0":
  version: 1.1.0
  resolution: "@emnapi/wasi-threads@npm:1.1.0"
  dependencies:
    tslib: "npm:^2.4.0"
  checksum: 10c0/e6d54bf2b1e64cdd83d2916411e44e579b6ae35d5def0dea61a3c452d9921373044dff32a8b8473ae60c80692bdc39323e98b96a3f3d87ba6886b24dd0ef7ca1
  languageName: node
  linkType: hard

"@module-federation/error-codes@npm:0.18.0":
  version: 0.18.0
  resolution: "@module-federation/error-codes@npm:0.18.0"
  checksum: 10c0/8cf4049a4ce6b2fbe39c5824960d0c4cec4f0cfd805f0251e44d2eddf2aa2adf3ed0d7de9752444d83d74ab85da2c19b6efd0cd0ce202bcaadd2e1e5e38523b6
  languageName: node
  linkType: hard

"@module-federation/runtime-core@npm:0.18.0":
  version: 0.18.0
  resolution: "@module-federation/runtime-core@npm:0.18.0"
  dependencies:
    "@module-federation/error-codes": "npm:0.18.0"
    "@module-federation/sdk": "npm:0.18.0"
  checksum: 10c0/99ac5354b50b27e80416f752f7eca6aedb0a659d272215b9db326a93cfb0e3fb772041a78290175c6329275e3a9accf7c9a3407b515ad3c4886f17a4ce6df86b
  languageName: node
  linkType: hard

"@module-federation/runtime-tools@npm:0.18.0":
  version: 0.18.0
  resolution: "@module-federation/runtime-tools@npm:0.18.0"
  dependencies:
    "@module-federation/runtime": "npm:0.18.0"
    "@module-federation/webpack-bundler-runtime": "npm:0.18.0"
  checksum: 10c0/2c3876378ee763af8f8687996893b55020fd20a617c886bf949cb50f92c9763966f0617956d535d20fa163c264643e56eb3ae60ff5f92153c22f1520064cf3a0
  languageName: node
  linkType: hard

"@module-federation/runtime@npm:0.18.0":
  version: 0.18.0
  resolution: "@module-federation/runtime@npm:0.18.0"
  dependencies:
    "@module-federation/error-codes": "npm:0.18.0"
    "@module-federation/runtime-core": "npm:0.18.0"
    "@module-federation/sdk": "npm:0.18.0"
  checksum: 10c0/c0e404d1dfdf05d4828b0b305991580a0f0b3632717e9e8532de386e9d2785f3b91aff7140d06403eff81098c36de16028e97c3387c59b9c5a52e470fc0c604e
  languageName: node
  linkType: hard

"@module-federation/sdk@npm:0.18.0":
  version: 0.18.0
  resolution: "@module-federation/sdk@npm:0.18.0"
  checksum: 10c0/5610d5c94f11af420e2c9625cbe7bc233d22491711de2a1d7e8879c6723ad8e403391edf26f50be82aecfb62d76fa4d1660de5515abeceb55d2b645712773f8c
  languageName: node
  linkType: hard

"@module-federation/webpack-bundler-runtime@npm:0.18.0":
  version: 0.18.0
  resolution: "@module-federation/webpack-bundler-runtime@npm:0.18.0"
  dependencies:
    "@module-federation/runtime": "npm:0.18.0"
    "@module-federation/sdk": "npm:0.18.0"
  checksum: 10c0/5186cea303ad485e052315b0495075ec78b4a41f4151559f25905fe7431c54e14edf96a462bc59760aeb8b3cdfe9a09a79ab8ef0d7060694c3acfd97d98778c3
  languageName: node
  linkType: hard

"@napi-rs/wasm-runtime@npm:^1.0.5":
  version: 1.0.7
  resolution: "@napi-rs/wasm-runtime@npm:1.0.7"
  dependencies:
    "@emnapi/core": "npm:^1.5.0"
    "@emnapi/runtime": "npm:^1.5.0"
    "@tybys/wasm-util": "npm:^0.10.1"
  checksum: 10c0/2d8635498136abb49d6dbf7395b78c63422292240963bf055f307b77aeafbde57ae2c0ceaaef215601531b36d6eb92a2cdd6f5ba90ed2aa8127c27aff9c4ae55
  languageName: node
  linkType: hard

"@rsbuild/core@npm:^1.5.14":
  version: 1.5.17
  resolution: "@rsbuild/core@npm:1.5.17"
  dependencies:
    "@rspack/core": "npm:1.5.8"
    "@rspack/lite-tapable": "npm:~1.0.1"
    "@swc/helpers": "npm:^0.5.17"
    core-js: "npm:~3.46.0"
    jiti: "npm:^2.6.1"
  bin:
    rsbuild: bin/rsbuild.js
  checksum: 10c0/c5781c808b0aebaf867bc4731823286c7a97991763660c06b1a2983cc83acaed4ef5e9163c6f0ffb7f0620c249ead9eb4a1eb1edf1868497dbaca1409529ee0a
  languageName: node
  linkType: hard

"@rsbuild/plugin-react@npm:^1.4.1":
  version: 1.4.1
  resolution: "@rsbuild/plugin-react@npm:1.4.1"
  dependencies:
    "@rspack/plugin-react-refresh": "npm:^1.5.1"
    react-refresh: "npm:^0.17.0"
  peerDependencies:
    "@rsbuild/core": 1.x
  checksum: 10c0/ad82a690a94dd54005be8a4306d5a32ff09c70336803b391e8592b84b5e5a76fb9d15da2a70652668b8ba8c68fd40813b4b2911378db72b28c373a1557f4d949
  languageName: node
  linkType: hard

"@rspack/binding-darwin-arm64@npm:1.5.8":
  version: 1.5.8
  resolution: "@rspack/binding-darwin-arm64@npm:1.5.8"
  conditions: os=darwin & cpu=arm64
  languageName: node
  linkType: hard

"@rspack/binding-darwin-x64@npm:1.5.8":
  version: 1.5.8
  resolution: "@rspack/binding-darwin-x64@npm:1.5.8"
  conditions: os=darwin & cpu=x64
  languageName: node
  linkType: hard

"@rspack/binding-linux-arm64-gnu@npm:1.5.8":
  version: 1.5.8
  resolution: "@rspack/binding-linux-arm64-gnu@npm:1.5.8"
  conditions: os=linux & cpu=arm64 & libc=glibc
  languageName: node
  linkType: hard

"@rspack/binding-linux-arm64-musl@npm:1.5.8":
  version: 1.5.8
  resolution: "@rspack/binding-linux-arm64-musl@npm:1.5.8"
  conditions: os=linux & cpu=arm64 & libc=musl
  languageName: node
  linkType: hard

"@rspack/binding-linux-x64-gnu@npm:1.5.8":
  version: 1.5.8
  resolution: "@rspack/binding-linux-x64-gnu@npm:1.5.8"
  conditions: os=linux & cpu=x64 & libc=glibc
  languageName: node
  linkType: hard

"@rspack/binding-linux-x64-musl@npm:1.5.8":
  version: 1.5.8
  resolution: "@rspack/binding-linux-x64-musl@npm:1.5.8"
  conditions: os=linux & cpu=x64 & libc=musl
  languageName: node
  linkType: hard

"@rspack/binding-wasm32-wasi@npm:1.5.8":
  version: 1.5.8
  resolution: "@rspack/binding-wasm32-wasi@npm:1.5.8"
  dependencies:
    "@napi-rs/wasm-runtime": "npm:^1.0.5"
  conditions: cpu=wasm32
  languageName: node
  linkType: hard

"@rspack/binding-win32-arm64-msvc@npm:1.5.8":
  version: 1.5.8
  resolution: "@rspack/binding-win32-arm64-msvc@npm:1.5.8"
  conditions: os=win32 & cpu=arm64
  languageName: node
  linkType: hard

"@rspack/binding-win32-ia32-msvc@npm:1.5.8":
  version: 1.5.8
  resolution: "@rspack/binding-win32-ia32-msvc@npm:1.5.8"
  conditions: os=win32 & cpu=ia32
  languageName: node
  linkType: hard

"@rspack/binding-win32-x64-msvc@npm:1.5.8":
  version: 1.5.8
  resolution: "@rspack/binding-win32-x64-msvc@npm:1.5.8"
  conditions: os=win32 & cpu=x64
  languageName: node
  linkType: hard

"@rspack/binding@npm:1.5.8":
  version: 1.5.8
  resolution: "@rspack/binding@npm:1.5.8"
  dependencies:
    "@rspack/binding-darwin-arm64": "npm:1.5.8"
    "@rspack/binding-darwin-x64": "npm:1.5.8"
    "@rspack/binding-linux-arm64-gnu": "npm:1.5.8"
    "@rspack/binding-linux-arm64-musl": "npm:1.5.8"
    "@rspack/binding-linux-x64-gnu": "npm:1.5.8"
    "@rspack/binding-linux-x64-musl": "npm:1.5.8"
    "@rspack/binding-wasm32-wasi": "npm:1.5.8"
    "@rspack/binding-win32-arm64-msvc": "npm:1.5.8"
    "@rspack/binding-win32-ia32-msvc": "npm:1.5.8"
    "@rspack/binding-win32-x64-msvc": "npm:1.5.8"
  dependenciesMeta:
    "@rspack/binding-darwin-arm64":
      optional: true
    "@rspack/binding-darwin-x64":
      optional: true
    "@rspack/binding-linux-arm64-gnu":
      optional: true
    "@rspack/binding-linux-arm64-musl":
      optional: true
    "@rspack/binding-linux-x64-gnu":
      optional: true
    "@rspack/binding-linux-x64-musl":
      optional: true
    "@rspack/binding-wasm32-wasi":
      optional: true
    "@rspack/binding-win32-arm64-msvc":
      optional: true
    "@rspack/binding-win32-ia32-msvc":
      optional: true
    "@rspack/binding-win32-x64-msvc":
      optional: true
  checksum: 10c0/2295e1e6750765c959547fae90e29e2628f0a4bdb98f398ce80be13292eaafadfd1c59d7958bdcce60af8a2a36516be1302e8329083b506427909de36fe0cd41
  languageName: node
  linkType: hard

"@rspack/core@npm:1.5.8":
  version: 1.5.8
  resolution: "@rspack/core@npm:1.5.8"
  dependencies:
    "@module-federation/runtime-tools": "npm:0.18.0"
    "@rspack/binding": "npm:1.5.8"
    "@rspack/lite-tapable": "npm:1.0.1"
  peerDependencies:
    "@swc/helpers": ">=0.5.1"
  peerDependenciesMeta:
    "@swc/helpers":
      optional: true
  checksum: 10c0/eb1b5777efae8c5f5ced0129df508e3ac6ebd365b2e99105a483f56fd648ec8e9dbab27bdf4420a8b68a7ddd53a0170413da8091c571d9ceea801f56e43f94fa
  languageName: node
  linkType: hard

"@rspack/lite-tapable@npm:1.0.1, @rspack/lite-tapable@npm:~1.0.1":
  version: 1.0.1
  resolution: "@rspack/lite-tapable@npm:1.0.1"
  checksum: 10c0/90bb1bc414dc51ea2d0933e09f78d25584f3f50a85f4cb8228930bd29e5931bf55eff4f348a06c51dd3149fc73b8ae3920bf0ae5ae8a0c9fe1d9b404e6ecf5b7
  languageName: node
  linkType: hard

"@rspack/plugin-react-refresh@npm:^1.5.1":
  version: 1.5.2
  resolution: "@rspack/plugin-react-refresh@npm:1.5.2"
  dependencies:
    error-stack-parser: "npm:^2.1.4"
    html-entities: "npm:^2.6.0"
  peerDependencies:
    react-refresh: ">=0.10.0 <1.0.0"
    webpack-hot-middleware: 2.x
  peerDependenciesMeta:
    webpack-hot-middleware:
      optional: true
  checksum: 10c0/a20572e09bbfbb8c8708f5158d1918e7f7ef2345d328d0a350fea6d66a2e3cfc9b0e65859b4c68b81732dcf623991e9c9913cb6c6112248a9ee402b35557401f
  languageName: node
  linkType: hard

"@swc/helpers@npm:^0.5.17":
  version: 0.5.17
  resolution: "@swc/helpers@npm:0.5.17"
  dependencies:
    tslib: "npm:^2.8.0"
  checksum: 10c0/fe1f33ebb968558c5a0c595e54f2e479e4609bff844f9ca9a2d1ffd8dd8504c26f862a11b031f48f75c95b0381c2966c3dd156e25942f90089badd24341e7dbb
  languageName: node
  linkType: hard

"@tanstack/query-core@npm:4.41.0":
  version: 4.41.0
  resolution: "@tanstack/query-core@npm:4.41.0"
  checksum: 10c0/e8a502c855ac08006665293478a692dbbca39fddc1fff815d99c7dcfd01dec75705548237fe162d0db6c35f9c7bb9e8313aeaed81c952f244eed91cc1d54006c
  languageName: node
  linkType: hard

"@tanstack/react-query@npm:4":
  version: 4.42.0
  resolution: "@tanstack/react-query@npm:4.42.0"
  dependencies:
    "@tanstack/query-core": "npm:4.41.0"
    use-sync-external-store: "npm:^1.2.0"
  peerDependencies:
    react: ^16.8.0 || ^17.0.0 || ^18.0.0 || ^19.0.0
    react-dom: ^16.8.0 || ^17.0.0 || ^18.0.0 || ^19.0.0
    react-native: "*"
  peerDependenciesMeta:
    react-dom:
      optional: true
    react-native:
      optional: true
  checksum: 10c0/2258f4d592addc1c78061bc8eb059f1de3a0fa3cbf5106326a63122273dac64e96fe2a708cfbdb1b3e552810ebbe83ae27b1e5f1dec8cae77a195203c20cdcd5
  languageName: node
  linkType: hard

"@tybys/wasm-util@npm:^0.10.1":
  version: 0.10.1
  resolution: "@tybys/wasm-util@npm:0.10.1"
  dependencies:
    tslib: "npm:^2.4.0"
  checksum: 10c0/b255094f293794c6d2289300c5fbcafbb5532a3aed3a5ffd2f8dc1828e639b88d75f6a376dd8f94347a44813fd7a7149d8463477a9a49525c8b2dcaa38c2d1e8
  languageName: node
  linkType: hard

"@types/react-dom@npm:^19.2.1":
  version: 19.2.2
  resolution: "@types/react-dom@npm:19.2.2"
  peerDependencies:
    "@types/react": ^19.2.0
  checksum: 10c0/6154dfb8e7a638313d7fa15b2b16494f2235afda4c43be37d10f34e5c7a730f6b95117facb5e6eebc73b15cceea7f6da23be46cda5d2262fd00fd7e6069547e3
  languageName: node
  linkType: hard

"@types/react@npm:^19.2.2":
  version: 19.2.2
  resolution: "@types/react@npm:19.2.2"
  dependencies:
    csstype: "npm:^3.0.2"
  checksum: 10c0/f830b1204aca4634ce3c6cb3477b5d3d066b80a4dd832a4ee0069acb504b6debd2416548a43a11c1407c12bc60e2dc6cf362934a18fe75fe06a69c0a98cba8ab
  languageName: node
  linkType: hard

"core-js@npm:~3.46.0":
  version: 3.46.0
  resolution: "core-js@npm:3.46.0"
  checksum: 10c0/12d559d39a58227881bc6c86c36d24dcfbe2d56e52dac42e35e8643278172596ab67f57ede98baf40b153ca1b830f37420ea32c3f7417c0c5a1fed46438ae187
  languageName: node
  linkType: hard

"csstype@npm:^3.0.2":
  version: 3.1.3
  resolution: "csstype@npm:3.1.3"
  checksum: 10c0/80c089d6f7e0c5b2bd83cf0539ab41474198579584fa10d86d0cafe0642202343cbc119e076a0b1aece191989477081415d66c9fefbf3c957fc2fc4b7009f248
  languageName: node
  linkType: hard

"error-stack-parser@npm:^2.1.4":
  version: 2.1.4
  resolution: "error-stack-parser@npm:2.1.4"
  dependencies:
    stackframe: "npm:^1.3.4"
  checksum: 10c0/7679b780043c98b01fc546725484e0cfd3071bf5c906bbe358722972f04abf4fc3f0a77988017665bab367f6ef3fc2d0185f7528f45966b83e7c99c02d5509b9
  languageName: node
  linkType: hard

"html-entities@npm:^2.6.0":
  version: 2.6.0
  resolution: "html-entities@npm:2.6.0"
  checksum: 10c0/7c8b15d9ea0cd00dc9279f61bab002ba6ca8a7a0f3c36ed2db3530a67a9621c017830d1d2c1c65beb9b8e3436ea663e9cf8b230472e0e413359399413b27c8b7
  languageName: node
  linkType: hard

"jiti@npm:^2.6.1":
  version: 2.6.1
  resolution: "jiti@npm:2.6.1"
  bin:
    jiti: lib/jiti-cli.mjs
  checksum: 10c0/79b2e96a8e623f66c1b703b98ec1b8be4500e1d217e09b09e343471bbb9c105381b83edbb979d01cef18318cc45ce6e153571b6c83122170eefa531c64b6789b
  languageName: node
  linkType: hard

"react-dom@npm:^19.2.0":
  version: 19.2.0
  resolution: "react-dom@npm:19.2.0"
  dependencies:
    scheduler: "npm:^0.27.0"
  peerDependencies:
    react: ^19.2.0
  checksum: 10c0/fa2cae05248d01288e91523b590ce4e7635b1e13f1344e225f850d722a8da037bf0782f63b1c1d46353334e0c696909b82e582f8cad607948fde6f7646cc18d9
  languageName: node
  linkType: hard

"react-refresh@npm:^0.17.0":
  version: 0.17.0
  resolution: "react-refresh@npm:0.17.0"
  checksum: 10c0/002cba940384c9930008c0bce26cac97a9d5682bc623112c2268ba0c155127d9c178a9a5cc2212d560088d60dfd503edd808669a25f9b377f316a32361d0b23c
  languageName: node
  linkType: hard

"react@npm:^19.2.0":
  version: 19.2.0
  resolution: "react@npm:19.2.0"
  checksum: 10c0/1b6d64eacb9324725bfe1e7860cb7a6b8a34bc89a482920765ebff5c10578eb487e6b46b2f0df263bd27a25edbdae2c45e5ea5d81ae61404301c1a7192c38330
  languageName: node
  linkType: hard

"scheduler@npm:^0.27.0":
  version: 0.27.0
  resolution: "scheduler@npm:0.27.0"
  checksum: 10c0/4f03048cb05a3c8fddc45813052251eca00688f413a3cee236d984a161da28db28ba71bd11e7a3dd02f7af84ab28d39fb311431d3b3772fed557945beb00c452
  languageName: node
  linkType: hard

"stackframe@npm:^1.3.4":
  version: 1.3.4
  resolution: "stackframe@npm:1.3.4"
  checksum: 10c0/18410f7a1e0c5d211a4effa83bdbf24adbe8faa8c34db52e1cd3e89837518c592be60b60d8b7270ac53eeeb8b807cd11b399a41667f6c9abb41059c3ccc8a989
  languageName: node
  linkType: hard

"tslib@npm:^2.4.0, tslib@npm:^2.8.0":
  version: 2.8.1
  resolution: "tslib@npm:2.8.1"
  checksum: 10c0/9c4759110a19c53f992d9aae23aac5ced636e99887b51b9e61def52611732872ff7668757d4e4c61f19691e36f4da981cd9485e869b4a7408d689f6bf1f14e62
  languageName: node
  linkType: hard

"typescript@npm:^5.9.3":
  version: 5.9.3
  resolution: "typescript@npm:5.9.3"
  bin:
    tsc: bin/tsc
    tsserver: bin/tsserver
  checksum: 10c0/6bd7552ce39f97e711db5aa048f6f9995b53f1c52f7d8667c1abdc1700c68a76a308f579cd309ce6b53646deb4e9a1be7c813a93baaf0a28ccd536a30270e1c5
  languageName: node
  linkType: hard

"typescript@patch:typescript@npm%3A^5.9.3#optional!builtin<compat/typescript>":
  version: 5.9.3
  resolution: "typescript@patch:typescript@npm%3A5.9.3#optional!builtin<compat/typescript>::version=5.9.3&hash=5786d5"
  bin:
    tsc: bin/tsc
    tsserver: bin/tsserver
  checksum: 10c0/ad09fdf7a756814dce65bc60c1657b40d44451346858eea230e10f2e95a289d9183b6e32e5c11e95acc0ccc214b4f36289dcad4bf1886b0adb84d711d336a430
  languageName: node
  linkType: hard

"use-sync-external-store@npm:^1.2.0":
  version: 1.6.0
  resolution: "use-sync-external-store@npm:1.6.0"
  peerDependencies:
    react: ^16.8.0 || ^17.0.0 || ^18.0.0 || ^19.0.0
  checksum: 10c0/35e1179f872a53227bdf8a827f7911da4c37c0f4091c29b76b1e32473d1670ebe7bcd880b808b7549ba9a5605c233350f800ffab963ee4a4ee346ee983b6019b
  languageName: node
  linkType: hard

"web@workspace:.":
  version: 0.0.0-use.local
  resolution: "web@workspace:."
  dependencies:
    "@rsbuild/core": "npm:^1.5.14"
    "@rsbuild/plugin-react": "npm:^1.4.1"
    "@tanstack/react-query": "npm:4"
    "@types/react": "npm:^19.2.2"
    "@types/react-dom": "npm:^19.2.1"
    react: "npm:^19.2.0"
    react-dom: "npm:^19.2.0"
    typescript: "npm:^5.9.3"
  languageName: unknown
  linkType: soft
